<?xml version="1.0" encoding="UTF-8" standalone="yes" ?>
<CodeBlocks_project_file>
	<FileVersion major="1" minor="6" />
	<Project>
		<Option title="banco" />
		<Option pch_mode="2" />
		<Option compiler="gcc" />
		<Build>
			<Target title="Debug">
				<Option output="bin/Debug/banco" prefix_auto="1" extension_auto="1" />
				<Option object_output="obj/Debug/" />
				<Option type="1" />
				<Option compiler="gcc" />
				<Compiler>
					<Add option="-g" />
				</Compiler>
			</Target>
			<Target title="Release">
				<Option output="bin/Release/banco" prefix_auto="1" extension_auto="1" />
				<Option object_output="obj/Release/" />
				<Option type="1" />
				<Option compiler="gcc" />
				<Compiler>
					<Add option="-O2" />
				</Compiler>
				<Linker>
					<Add option="-s" />
				</Linker>
			</Target>
		</Build>
		<Compiler>
			<Add option="-Wall" />
			<Add option="-fexceptions" />
		</Compiler>
		<Unit filename="Autenticavel.cpp" />
		<Unit filename="Autenticavel.hpp" />
		<Unit filename="Caixa.cpp" />
		<Unit filename="Caixa.hpp" />
		<Unit filename="Conta.cpp" />
		<Unit filename="Conta.hpp" />
		<Unit filename="ContaCorrente.cpp" />
		<Unit filename="ContaCorrente.hpp" />
		<Unit filename="ContaPoupanca.cpp" />
		<Unit filename="ContaPoupanca.hpp" />
		<Unit filename="Cpf.cpp" />
		<Unit filename="Cpf.hpp" />
		<Unit filename="Funcionario.cpp" />
		<Unit filename="Funcionario.hpp" />
		<Unit filename="Gerente.cpp" />
		<Unit filename="Gerente.hpp" />
		<Unit filename="Pessoa.cpp" />
		<Unit filename="Pessoa.hpp" />
		<Unit filename="Titular.cpp" />
		<Unit filename="Titular.hpp" />
		<Unit filename="main.cpp" />
		<Extensions>
			<lib_finder disable_auto="1" />
		</Extensions>
	</Project>
</CodeBlocks_project_file>
